
Microsoft Visual Studio Solution File, Format Version 12.00
# Visual Studio 14
VisualStudioVersion = 14.0.25123.0
MinimumVisualStudioVersion = 10.0.40219.1
Project("{FAE04EC0-301F-11D3-BF4B-00C04F79EFBC}") = "HW5", "HW5\HW5.csproj", "{414FEF13-A86A-4C23-890E-F5CE7ED7D060}"
EndProject
Project("{FAE04EC0-301F-11D3-BF4B-00C04F79EFBC}") = "CarConstruction", "CarConstruction\CarConstruction.csproj", "{7F5997D6-3E7A-4264-8B96-28FDBBBA75F5}"
EndProject
Global
	GlobalSection(SolutionConfigurationPlatforms) = preSolution
		Debug|Any CPU = Debug|Any CPU
		Release|Any CPU = Release|Any CPU
	EndGlobalSection
	GlobalSection(ProjectConfigurationPlatforms) = postSolution
		{414FEF13-A86A-4C23-890E-F5CE7ED7D060}.Debug|Any CPU.ActiveCfg = Debug|Any CPU
		{414FEF13-A86A-4C23-890E-F5CE7ED7D060}.Debug|Any CPU.Build.0 = Debug|Any CPU
		{414FEF13-A86A-4C23-890E-F5CE7ED7D060}.Release|Any CPU.ActiveCfg = Release|Any CPU
		{414FEF13-A86A-4C23-890E-F5CE7ED7D060}.Release|Any CPU.Build.0 = Release|Any CPU
		{7F5997D6-3E7A-4264-8B96-28FDBBBA75F5}.Debug|Any CPU.ActiveCfg = Debug|Any CPU
		{7F5997D6-3E7A-4264-8B96-28FDBBBA75F5}.Debug|Any CPU.Build.0 = Debug|Any CPU
		{7F5997D6-3E7A-4264-8B96-28FDBBBA75F5}.Release|Any CPU.ActiveCfg = Release|Any CPU
		{7F5997D6-3E7A-4264-8B96-28FDBBBA75F5}.Release|Any CPU.Build.0 = Release|Any CPU
	EndGlobalSection
	GlobalSection(SolutionProperties) = preSolution
		HideSolutionNode = FALSE
	EndGlobalSection
EndGlobal
