
Microsoft Visual Studio Solution File, Format Version 12.00
# Visual Studio 2013
VisualStudioVersion = 12.0.21005.1
MinimumVisualStudioVersion = 10.0.40219.1
Project("{FAE04EC0-301F-11D3-BF4B-00C04F79EFBC}") = "HW7", "HW7\HW7.csproj", "{4AF44320-8686-4DC1-99DE-05249634D981}"
EndProject
Project("{FAE04EC0-301F-11D3-BF4B-00C04F79EFBC}") = "ArraySort", "ArraySort\ArraySort.csproj", "{7254B30E-F3AE-4080-8826-FD215695884D}"
EndProject
Project("{FAE04EC0-301F-11D3-BF4B-00C04F79EFBC}") = "Indexer", "Indexer\Indexer.csproj", "{80247F0D-1CC8-483B-8AFB-92F00CA5FC5F}"
EndProject
Global
	GlobalSection(SolutionConfigurationPlatforms) = preSolution
		Debug|Any CPU = Debug|Any CPU
		Release|Any CPU = Release|Any CPU
	EndGlobalSection
	GlobalSection(ProjectConfigurationPlatforms) = postSolution
		{4AF44320-8686-4DC1-99DE-05249634D981}.Debug|Any CPU.ActiveCfg = Debug|Any CPU
		{4AF44320-8686-4DC1-99DE-05249634D981}.Debug|Any CPU.Build.0 = Debug|Any CPU
		{4AF44320-8686-4DC1-99DE-05249634D981}.Release|Any CPU.ActiveCfg = Release|Any CPU
		{4AF44320-8686-4DC1-99DE-05249634D981}.Release|Any CPU.Build.0 = Release|Any CPU
		{7254B30E-F3AE-4080-8826-FD215695884D}.Debug|Any CPU.ActiveCfg = Debug|Any CPU
		{7254B30E-F3AE-4080-8826-FD215695884D}.Debug|Any CPU.Build.0 = Debug|Any CPU
		{7254B30E-F3AE-4080-8826-FD215695884D}.Release|Any CPU.ActiveCfg = Release|Any CPU
		{7254B30E-F3AE-4080-8826-FD215695884D}.Release|Any CPU.Build.0 = Release|Any CPU
		{80247F0D-1CC8-483B-8AFB-92F00CA5FC5F}.Debug|Any CPU.ActiveCfg = Debug|Any CPU
		{80247F0D-1CC8-483B-8AFB-92F00CA5FC5F}.Debug|Any CPU.Build.0 = Debug|Any CPU
		{80247F0D-1CC8-483B-8AFB-92F00CA5FC5F}.Release|Any CPU.ActiveCfg = Release|Any CPU
		{80247F0D-1CC8-483B-8AFB-92F00CA5FC5F}.Release|Any CPU.Build.0 = Release|Any CPU
	EndGlobalSection
	GlobalSection(SolutionProperties) = preSolution
		HideSolutionNode = FALSE
	EndGlobalSection
EndGlobal
